
Microsoft Visual Studio Solution File, Format Version 12.00
# Visual Studio Version 17
VisualStudioVersion = 17.6.33723.286
MinimumVisualStudioVersion = 10.0.40219.1
Project("{FAE04EC0-301F-11D3-BF4B-00C04F79EFBC}") = "ContosoUniversity", "ContosoUniversity\ContosoUniversity.csproj", "{960CA5CA-CCB1-4B4B-A08A-47E592CA2D5B}"
EndProject
Global
	GlobalSection(SolutionConfigurationPlatforms) = preSolution
		Debug|Any CPU = Debug|Any CPU
		Release|Any CPU = Release|Any CPU
	EndGlobalSection
	GlobalSection(ProjectConfigurationPlatforms) = postSolution
		{960CA5CA-CCB1-4B4B-A08A-47E592CA2D5B}.Debug|Any CPU.ActiveCfg = Debug|Any CPU
		{960CA5CA-CCB1-4B4B-A08A-47E592CA2D5B}.Debug|Any CPU.Build.0 = Debug|Any CPU
		{960CA5CA-CCB1-4B4B-A08A-47E592CA2D5B}.Release|Any CPU.ActiveCfg = Release|Any CPU
		{960CA5CA-CCB1-4B4B-A08A-47E592CA2D5B}.Release|Any CPU.Build.0 = Release|Any CPU
	EndGlobalSection
	GlobalSection(SolutionProperties) = preSolution
		HideSolutionNode = FALSE
	EndGlobalSection
	GlobalSection(ExtensibilityGlobals) = postSolution
		SolutionGuid = {BC940F10-9C63-4BC5-87B8-C5AB89ACB6A8}
	EndGlobalSection
EndGlobal
